
Microsoft Visual Studio Solution File, Format Version 12.00
# Visual Studio Version 17
VisualStudioVersion = 17.13.35828.75 d17.13
MinimumVisualStudioVersion = 10.0.40219.1
Project("{FAE04EC0-301F-11D3-BF4B-00C04F79EFBC}") = "SwitchColors", "SwitchColors\SwitchColors.csproj", "{2D5933DB-E52A-4309-93CC-DFFA8BFA9AE1}"
EndProject
Global
	GlobalSection(SolutionConfigurationPlatforms) = preSolution
		Debug|Any CPU = Debug|Any CPU
		Release|Any CPU = Release|Any CPU
	EndGlobalSection
	GlobalSection(ProjectConfigurationPlatforms) = postSolution
		{2D5933DB-E52A-4309-93CC-DFFA8BFA9AE1}.Debug|Any CPU.ActiveCfg = Debug|Any CPU
		{2D5933DB-E52A-4309-93CC-DFFA8BFA9AE1}.Debug|Any CPU.Build.0 = Debug|Any CPU
		{2D5933DB-E52A-4309-93CC-DFFA8BFA9AE1}.Release|Any CPU.ActiveCfg = Release|Any CPU
		{2D5933DB-E52A-4309-93CC-DFFA8BFA9AE1}.Release|Any CPU.Build.0 = Release|Any CPU
	EndGlobalSection
	GlobalSection(SolutionProperties) = preSolution
		HideSolutionNode = FALSE
	EndGlobalSection
	GlobalSection(ExtensibilityGlobals) = postSolution
		SolutionGuid = {E3E5A797-0C8B-4F96-8FAF-51B102D21ECB}
	EndGlobalSection
EndGlobal
