
Microsoft Visual Studio Solution File, Format Version 12.00
# Visual Studio Version 17
VisualStudioVersion = 17.13.35828.75 d17.13
MinimumVisualStudioVersion = 10.0.40219.1
Project("{FAE04EC0-301F-11D3-BF4B-00C04F79EFBC}") = "ForLoopHello", "ForLoopHello\ForLoopHello.csproj", "{C3CA8CC5-7F65-4734-8ED6-A7FD19E2AD6D}"
EndProject
Global
	GlobalSection(SolutionConfigurationPlatforms) = preSolution
		Debug|Any CPU = Debug|Any CPU
		Release|Any CPU = Release|Any CPU
	EndGlobalSection
	GlobalSection(ProjectConfigurationPlatforms) = postSolution
		{C3CA8CC5-7F65-4734-8ED6-A7FD19E2AD6D}.Debug|Any CPU.ActiveCfg = Debug|Any CPU
		{C3CA8CC5-7F65-4734-8ED6-A7FD19E2AD6D}.Debug|Any CPU.Build.0 = Debug|Any CPU
		{C3CA8CC5-7F65-4734-8ED6-A7FD19E2AD6D}.Release|Any CPU.ActiveCfg = Release|Any CPU
		{C3CA8CC5-7F65-4734-8ED6-A7FD19E2AD6D}.Release|Any CPU.Build.0 = Release|Any CPU
	EndGlobalSection
	GlobalSection(SolutionProperties) = preSolution
		HideSolutionNode = FALSE
	EndGlobalSection
	GlobalSection(ExtensibilityGlobals) = postSolution
		SolutionGuid = {4C20A5FD-EFB4-448A-BD56-50266E24292D}
	EndGlobalSection
EndGlobal
