
Microsoft Visual Studio Solution File, Format Version 12.00
# Visual Studio Version 17
VisualStudioVersion = 17.13.35828.75 d17.13
MinimumVisualStudioVersion = 10.0.40219.1
Project("{FAE04EC0-301F-11D3-BF4B-00C04F79EFBC}") = "ComputerCakllogic", "ComputerCakllogic\ComputerCakllogic.csproj", "{2D406916-C2E1-4671-B8F6-19A4657E242A}"
EndProject
Global
	GlobalSection(SolutionConfigurationPlatforms) = preSolution
		Debug|Any CPU = Debug|Any CPU
		Release|Any CPU = Release|Any CPU
	EndGlobalSection
	GlobalSection(ProjectConfigurationPlatforms) = postSolution
		{2D406916-C2E1-4671-B8F6-19A4657E242A}.Debug|Any CPU.ActiveCfg = Debug|Any CPU
		{2D406916-C2E1-4671-B8F6-19A4657E242A}.Debug|Any CPU.Build.0 = Debug|Any CPU
		{2D406916-C2E1-4671-B8F6-19A4657E242A}.Release|Any CPU.ActiveCfg = Release|Any CPU
		{2D406916-C2E1-4671-B8F6-19A4657E242A}.Release|Any CPU.Build.0 = Release|Any CPU
	EndGlobalSection
	GlobalSection(SolutionProperties) = preSolution
		HideSolutionNode = FALSE
	EndGlobalSection
	GlobalSection(ExtensibilityGlobals) = postSolution
		SolutionGuid = {1F0A26B0-E592-48AA-A805-751A95479767}
	EndGlobalSection
EndGlobal
