
Microsoft Visual Studio Solution File, Format Version 12.00
# Visual Studio Version 17
VisualStudioVersion = 17.13.35828.75 d17.13
MinimumVisualStudioVersion = 10.0.40219.1
Project("{FAE04EC0-301F-11D3-BF4B-00C04F79EFBC}") = "SwitchRandomNumbers", "SwitchRandomNumbers\SwitchRandomNumbers.csproj", "{2DB4908F-971F-47A3-B3FD-4B823D5E27FB}"
EndProject
Global
	GlobalSection(SolutionConfigurationPlatforms) = preSolution
		Debug|Any CPU = Debug|Any CPU
		Release|Any CPU = Release|Any CPU
	EndGlobalSection
	GlobalSection(ProjectConfigurationPlatforms) = postSolution
		{2DB4908F-971F-47A3-B3FD-4B823D5E27FB}.Debug|Any CPU.ActiveCfg = Debug|Any CPU
		{2DB4908F-971F-47A3-B3FD-4B823D5E27FB}.Debug|Any CPU.Build.0 = Debug|Any CPU
		{2DB4908F-971F-47A3-B3FD-4B823D5E27FB}.Release|Any CPU.ActiveCfg = Release|Any CPU
		{2DB4908F-971F-47A3-B3FD-4B823D5E27FB}.Release|Any CPU.Build.0 = Release|Any CPU
	EndGlobalSection
	GlobalSection(SolutionProperties) = preSolution
		HideSolutionNode = FALSE
	EndGlobalSection
	GlobalSection(ExtensibilityGlobals) = postSolution
		SolutionGuid = {951A2D18-E711-40D5-9798-E1E383DE3B07}
	EndGlobalSection
EndGlobal
