
Microsoft Visual Studio Solution File, Format Version 12.00
# Visual Studio Version 17
VisualStudioVersion = 17.13.35828.75 d17.13
MinimumVisualStudioVersion = 10.0.40219.1
Project("{FAE04EC0-301F-11D3-BF4B-00C04F79EFBC}") = "xd", "xd\xd.csproj", "{C2948531-501D-4178-B723-7AE6DDBC8683}"
EndProject
Global
	GlobalSection(SolutionConfigurationPlatforms) = preSolution
		Debug|Any CPU = Debug|Any CPU
		Release|Any CPU = Release|Any CPU
	EndGlobalSection
	GlobalSection(ProjectConfigurationPlatforms) = postSolution
		{C2948531-501D-4178-B723-7AE6DDBC8683}.Debug|Any CPU.ActiveCfg = Debug|Any CPU
		{C2948531-501D-4178-B723-7AE6DDBC8683}.Debug|Any CPU.Build.0 = Debug|Any CPU
		{C2948531-501D-4178-B723-7AE6DDBC8683}.Release|Any CPU.ActiveCfg = Release|Any CPU
		{C2948531-501D-4178-B723-7AE6DDBC8683}.Release|Any CPU.Build.0 = Release|Any CPU
	EndGlobalSection
	GlobalSection(SolutionProperties) = preSolution
		HideSolutionNode = FALSE
	EndGlobalSection
	GlobalSection(ExtensibilityGlobals) = postSolution
		SolutionGuid = {4E26B276-B789-4197-A6CE-F193D3878CC4}
	EndGlobalSection
EndGlobal
