
Microsoft Visual Studio Solution File, Format Version 12.00
# Visual Studio Version 17
VisualStudioVersion = 17.13.35828.75 d17.13
MinimumVisualStudioVersion = 10.0.40219.1
Project("{FAE04EC0-301F-11D3-BF4B-00C04F79EFBC}") = "TryCatchSwitch", "TryCatchSwitch\TryCatchSwitch.csproj", "{95E84B67-E2D9-48F4-AB96-37E8252569ED}"
EndProject
Global
	GlobalSection(SolutionConfigurationPlatforms) = preSolution
		Debug|Any CPU = Debug|Any CPU
		Release|Any CPU = Release|Any CPU
	EndGlobalSection
	GlobalSection(ProjectConfigurationPlatforms) = postSolution
		{95E84B67-E2D9-48F4-AB96-37E8252569ED}.Debug|Any CPU.ActiveCfg = Debug|Any CPU
		{95E84B67-E2D9-48F4-AB96-37E8252569ED}.Debug|Any CPU.Build.0 = Debug|Any CPU
		{95E84B67-E2D9-48F4-AB96-37E8252569ED}.Release|Any CPU.ActiveCfg = Release|Any CPU
		{95E84B67-E2D9-48F4-AB96-37E8252569ED}.Release|Any CPU.Build.0 = Release|Any CPU
	EndGlobalSection
	GlobalSection(SolutionProperties) = preSolution
		HideSolutionNode = FALSE
	EndGlobalSection
	GlobalSection(ExtensibilityGlobals) = postSolution
		SolutionGuid = {3A22BCA4-E431-46F5-8060-C6E87070B202}
	EndGlobalSection
EndGlobal
