
Microsoft Visual Studio Solution File, Format Version 12.00
# Visual Studio Version 17
VisualStudioVersion = 17.13.35828.75 d17.13
MinimumVisualStudioVersion = 10.0.40219.1
Project("{FAE04EC0-301F-11D3-BF4B-00C04F79EFBC}") = "FibonacciFor", "FibonacciFor\FibonacciFor.csproj", "{46C1FE13-F613-4258-8D1C-60EDDCFDDB84}"
EndProject
Global
	GlobalSection(SolutionConfigurationPlatforms) = preSolution
		Debug|Any CPU = Debug|Any CPU
		Release|Any CPU = Release|Any CPU
	EndGlobalSection
	GlobalSection(ProjectConfigurationPlatforms) = postSolution
		{46C1FE13-F613-4258-8D1C-60EDDCFDDB84}.Debug|Any CPU.ActiveCfg = Debug|Any CPU
		{46C1FE13-F613-4258-8D1C-60EDDCFDDB84}.Debug|Any CPU.Build.0 = Debug|Any CPU
		{46C1FE13-F613-4258-8D1C-60EDDCFDDB84}.Release|Any CPU.ActiveCfg = Release|Any CPU
		{46C1FE13-F613-4258-8D1C-60EDDCFDDB84}.Release|Any CPU.Build.0 = Release|Any CPU
	EndGlobalSection
	GlobalSection(SolutionProperties) = preSolution
		HideSolutionNode = FALSE
	EndGlobalSection
	GlobalSection(ExtensibilityGlobals) = postSolution
		SolutionGuid = {8DFADD44-544D-4C02-9835-85943EF62884}
	EndGlobalSection
EndGlobal
