
Microsoft Visual Studio Solution File, Format Version 12.00
# Visual Studio Version 17
VisualStudioVersion = 17.13.35828.75 d17.13
MinimumVisualStudioVersion = 10.0.40219.1
Project("{FAE04EC0-301F-11D3-BF4B-00C04F79EFBC}") = "KujundiKalkulaator", "KujundiKalkulaator\KujundiKalkulaator.csproj", "{A76F5934-1959-4214-A997-0BBBF07619FD}"
EndProject
Global
	GlobalSection(SolutionConfigurationPlatforms) = preSolution
		Debug|Any CPU = Debug|Any CPU
		Release|Any CPU = Release|Any CPU
	EndGlobalSection
	GlobalSection(ProjectConfigurationPlatforms) = postSolution
		{A76F5934-1959-4214-A997-0BBBF07619FD}.Debug|Any CPU.ActiveCfg = Debug|Any CPU
		{A76F5934-1959-4214-A997-0BBBF07619FD}.Debug|Any CPU.Build.0 = Debug|Any CPU
		{A76F5934-1959-4214-A997-0BBBF07619FD}.Release|Any CPU.ActiveCfg = Release|Any CPU
		{A76F5934-1959-4214-A997-0BBBF07619FD}.Release|Any CPU.Build.0 = Release|Any CPU
	EndGlobalSection
	GlobalSection(SolutionProperties) = preSolution
		HideSolutionNode = FALSE
	EndGlobalSection
	GlobalSection(ExtensibilityGlobals) = postSolution
		SolutionGuid = {BA68FB35-B325-4373-A287-38E240489F7D}
	EndGlobalSection
EndGlobal
